// !$*UTF8*$!
{
	archiveVersion = 1;
	classes = {
	};
	objectVersion = 46;
	objects = {

/* Begin PBXBuildFile section */
		1A626AB519913F8100CE50F1 /* Foundation.framework in Frameworks */ = {isa = PBXBuildFile; fileRef = 1A626AB419913F8100CE50F1 /* Foundation.framework */; };
		1A626AB719913F8100CE50F1 /* CoreGraphics.framework in Frameworks */ = {isa = PBXBuildFile; fileRef = 1A626AB619913F8100CE50F1 /* CoreGraphics.framework */; };
		1A626AB919913F8100CE50F1 /* UIKit.framework in Frameworks */ = {isa = PBXBuildFile; fileRef = 1A626AB819913F8100CE50F1 /* UIKit.framework */; };
		1A626ABF19913F8100CE50F1 /* InfoPlist.strings in Resources */ = {isa = PBXBuildFile; fileRef = 1A626ABD19913F8100CE50F1 /* InfoPlist.strings */; };
		1A626AC119913F8100CE50F1 /* main.m in Sources */ = {isa = PBXBuildFile; fileRef = 1A626AC019913F8100CE50F1 /* main.m */; };
		1A626AC519913F8100CE50F1 /* JSPongAppDelegate.m in Sources */ = {isa = PBXBuildFile; fileRef = 1A626AC419913F8100CE50F1 /* JSPongAppDelegate.m */; };
		1A626AC719913F8100CE50F1 /* Images.xcassets in Resources */ = {isa = PBXBuildFile; fileRef = 1A626AC619913F8100CE50F1 /* Images.xcassets */; };
		1A626ACE19913F8100CE50F1 /* XCTest.framework in Frameworks */ = {isa = PBXBuildFile; fileRef = 1A626ACD19913F8100CE50F1 /* XCTest.framework */; };
		1A626ACF19913F8100CE50F1 /* Foundation.framework in Frameworks */ = {isa = PBXBuildFile; fileRef = 1A626AB419913F8100CE50F1 /* Foundation.framework */; };
		1A626AD019913F8100CE50F1 /* UIKit.framework in Frameworks */ = {isa = PBXBuildFile; fileRef = 1A626AB819913F8100CE50F1 /* UIKit.framework */; };
		1A626AD819913F8100CE50F1 /* InfoPlist.strings in Resources */ = {isa = PBXBuildFile; fileRef = 1A626AD619913F8100CE50F1 /* InfoPlist.strings */; };
		1A626ADA19913F8100CE50F1 /* JS_PongTests.m in Sources */ = {isa = PBXBuildFile; fileRef = 1A626AD919913F8100CE50F1 /* JS_PongTests.m */; };
		1A626AE41991412B00CE50F1 /* Main_iPhone.storyboard in Resources */ = {isa = PBXBuildFile; fileRef = 1A626AE31991412B00CE50F1 /* Main_iPhone.storyboard */; };
		1A626AE6199141A700CE50F1 /* Main_iPad.storyboard in Resources */ = {isa = PBXBuildFile; fileRef = 1A626AE5199141A700CE50F1 /* Main_iPad.storyboard */; };
		1A626AEE1992460000CE50F1 /* JSPongMenuViewController.m in Sources */ = {isa = PBXBuildFile; fileRef = 1A626AED1992460000CE50F1 /* JSPongMenuViewController.m */; };
		1A626AF219925E3000CE50F1 /* bg.png in Resources */ = {isa = PBXBuildFile; fileRef = 1A626AF019925E3000CE50F1 /* bg.png */; };
		1A626AF319925E3000CE50F1 /* pad.png in Resources */ = {isa = PBXBuildFile; fileRef = 1A626AF119925E3000CE50F1 /* pad.png */; };
		1A626AF7199264C700CE50F1 /* JSPongPuck.m in Sources */ = {isa = PBXBuildFile; fileRef = 1A626AF6199264C700CE50F1 /* JSPongPuck.m */; };
		1A7D6DD2199FA46B0031E425 /* JSPongHostGameViewController.m in Sources */ = {isa = PBXBuildFile; fileRef = 1A7D6DD1199FA46B0031E425 /* JSPongHostGameViewController.m */; };
		1A7D6DD5199FA4A70031E425 /* JSPongJoinGameViewController.m in Sources */ = {isa = PBXBuildFile; fileRef = 1A7D6DD4199FA4A70031E425 /* JSPongJoinGameViewController.m */; };
		1A7D6DD7199FB1330031E425 /* GameKit.framework in Frameworks */ = {isa = PBXBuildFile; fileRef = 1A7D6DD6199FB1330031E425 /* GameKit.framework */; };
		1A7D6DDA199FB22B0031E425 /* JSPongServer.m in Sources */ = {isa = PBXBuildFile; fileRef = 1A7D6DD9199FB22B0031E425 /* JSPongServer.m */; };
		1AC3670E199FB83A00F491F5 /* JSPongClient.m in Sources */ = {isa = PBXBuildFile; fileRef = 1AC3670D199FB83A00F491F5 /* JSPongClient.m */; };
		1AC36712199FFE8F00F491F5 /* JSPongGame.m in Sources */ = {isa = PBXBuildFile; fileRef = 1AC36711199FFE8F00F491F5 /* JSPongGame.m */; };
		1AC3671519A00AAE00F491F5 /* JSPongPlayer.m in Sources */ = {isa = PBXBuildFile; fileRef = 1AC3671419A00AAE00F491F5 /* JSPongPlayer.m */; };
		1AC3671819A00DDC00F491F5 /* JSPongPacket.m in Sources */ = {isa = PBXBuildFile; fileRef = 1AC3671719A00DDC00F491F5 /* JSPongPacket.m */; };
		1AC3671B19A0124000F491F5 /* NSData+JSPongAdditions.m in Sources */ = {isa = PBXBuildFile; fileRef = 1AC3671A19A0124000F491F5 /* NSData+JSPongAdditions.m */; };
		1AC89CA819A01A0A0046F4CB /* JSPongPacketSignInResponse.m in Sources */ = {isa = PBXBuildFile; fileRef = 1AC89CA719A01A0A0046F4CB /* JSPongPacketSignInResponse.m */; };
		1AC89CAB19A0A5440046F4CB /* JSPongPacketServerReady.m in Sources */ = {isa = PBXBuildFile; fileRef = 1AC89CAA19A0A5440046F4CB /* JSPongPacketServerReady.m */; };
		1AC89CAE19A0BC2E0046F4CB /* JSPongPlayGameViewController.m in Sources */ = {isa = PBXBuildFile; fileRef = 1AC89CAD19A0BC2E0046F4CB /* JSPongPlayGameViewController.m */; };
		1AC89CB119A152E60046F4CB /* JSPongPacketOtherClientQuit.m in Sources */ = {isa = PBXBuildFile; fileRef = 1AC89CB019A152E60046F4CB /* JSPongPacketOtherClientQuit.m */; };
/* End PBXBuildFile section */

/* Begin PBXContainerItemProxy section */
		1A626AD119913F8100CE50F1 /* PBXContainerItemProxy */ = {
			isa = PBXContainerItemProxy;
			containerPortal = 1A626AA919913F8100CE50F1 /* Project object */;
			proxyType = 1;
			remoteGlobalIDString = 1A626AB019913F8100CE50F1;
			remoteInfo = "JS Pong";
		};
/* End PBXContainerItemProxy section */

/* Begin PBXFileReference section */
		1A626AB119913F8100CE50F1 /* JS Pong.app */ = {isa = PBXFileReference; explicitFileType = wrapper.application; includeInIndex = 0; path = "JS Pong.app"; sourceTree = BUILT_PRODUCTS_DIR; };
		1A626AB419913F8100CE50F1 /* Foundation.framework */ = {isa = PBXFileReference; lastKnownFileType = wrapper.framework; name = Foundation.framework; path = System/Library/Frameworks/Foundation.framework; sourceTree = SDKROOT; };
		1A626AB619913F8100CE50F1 /* CoreGraphics.framework */ = {isa = PBXFileReference; lastKnownFileType = wrapper.framework; name = CoreGraphics.framework; path = System/Library/Frameworks/CoreGraphics.framework; sourceTree = SDKROOT; };
		1A626AB819913F8100CE50F1 /* UIKit.framework */ = {isa = PBXFileReference; lastKnownFileType = wrapper.framework; name = UIKit.framework; path = System/Library/Frameworks/UIKit.framework; sourceTree = SDKROOT; };
		1A626ABC19913F8100CE50F1 /* JS Pong-Info.plist */ = {isa = PBXFileReference; lastKnownFileType = text.plist.xml; path = "JS Pong-Info.plist"; sourceTree = "<group>"; };
		1A626ABE19913F8100CE50F1 /* en */ = {isa = PBXFileReference; lastKnownFileType = text.plist.strings; name = en; path = en.lproj/InfoPlist.strings; sourceTree = "<group>"; };
		1A626AC019913F8100CE50F1 /* main.m */ = {isa = PBXFileReference; lastKnownFileType = sourcecode.c.objc; path = main.m; sourceTree = "<group>"; };
		1A626AC219913F8100CE50F1 /* JS Pong-Prefix.pch */ = {isa = PBXFileReference; lastKnownFileType = sourcecode.c.h; path = "JS Pong-Prefix.pch"; sourceTree = "<group>"; };
		1A626AC319913F8100CE50F1 /* JSPongAppDelegate.h */ = {isa = PBXFileReference; lastKnownFileType = sourcecode.c.h; path = JSPongAppDelegate.h; sourceTree = "<group>"; };
		1A626AC419913F8100CE50F1 /* JSPongAppDelegate.m */ = {isa = PBXFileReference; lastKnownFileType = sourcecode.c.objc; path = JSPongAppDelegate.m; sourceTree = "<group>"; };
		1A626AC619913F8100CE50F1 /* Images.xcassets */ = {isa = PBXFileReference; lastKnownFileType = folder.assetcatalog; path = Images.xcassets; sourceTree = "<group>"; };
		1A626ACC19913F8100CE50F1 /* JS PongTests.xctest */ = {isa = PBXFileReference; explicitFileType = wrapper.cfbundle; includeInIndex = 0; path = "JS PongTests.xctest"; sourceTree = BUILT_PRODUCTS_DIR; };
		1A626ACD19913F8100CE50F1 /* XCTest.framework */ = {isa = PBXFileReference; lastKnownFileType = wrapper.framework; name = XCTest.framework; path = Library/Frameworks/XCTest.framework; sourceTree = DEVELOPER_DIR; };
		1A626AD519913F8100CE50F1 /* JS PongTests-Info.plist */ = {isa = PBXFileReference; lastKnownFileType = text.plist.xml; path = "JS PongTests-Info.plist"; sourceTree = "<group>"; };
		1A626AD719913F8100CE50F1 /* en */ = {isa = PBXFileReference; lastKnownFileType = text.plist.strings; name = en; path = en.lproj/InfoPlist.strings; sourceTree = "<group>"; };
		1A626AD919913F8100CE50F1 /* JS_PongTests.m */ = {isa = PBXFileReference; lastKnownFileType = sourcecode.c.objc; path = JS_PongTests.m; sourceTree = "<group>"; };
		1A626AE31991412B00CE50F1 /* Main_iPhone.storyboard */ = {isa = PBXFileReference; fileEncoding = 4; lastKnownFileType = file.storyboard; path = Main_iPhone.storyboard; sourceTree = "<group>"; };
		1A626AE5199141A700CE50F1 /* Main_iPad.storyboard */ = {isa = PBXFileReference; fileEncoding = 4; lastKnownFileType = file.storyboard; name = Main_iPad.storyboard; path = ../Main_iPad.storyboard; sourceTree = "<group>"; };
		1A626AEC1992460000CE50F1 /* JSPongMenuViewController.h */ = {isa = PBXFileReference; fileEncoding = 4; lastKnownFileType = sourcecode.c.h; path = JSPongMenuViewController.h; sourceTree = "<group>"; };
		1A626AED1992460000CE50F1 /* JSPongMenuViewController.m */ = {isa = PBXFileReference; fileEncoding = 4; lastKnownFileType = sourcecode.c.objc; path = JSPongMenuViewController.m; sourceTree = "<group>"; };
		1A626AF019925E3000CE50F1 /* bg.png */ = {isa = PBXFileReference; lastKnownFileType = image.png; path = bg.png; sourceTree = "<group>"; };
		1A626AF119925E3000CE50F1 /* pad.png */ = {isa = PBXFileReference; lastKnownFileType = image.png; path = pad.png; sourceTree = "<group>"; };
		1A626AF5199264C700CE50F1 /* JSPongPuck.h */ = {isa = PBXFileReference; fileEncoding = 4; lastKnownFileType = sourcecode.c.h; path = JSPongPuck.h; sourceTree = "<group>"; };
		1A626AF6199264C700CE50F1 /* JSPongPuck.m */ = {isa = PBXFileReference; fileEncoding = 4; lastKnownFileType = sourcecode.c.objc; path = JSPongPuck.m; sourceTree = "<group>"; };
		1A7D6DD0199FA46B0031E425 /* JSPongHostGameViewController.h */ = {isa = PBXFileReference; fileEncoding = 4; lastKnownFileType = sourcecode.c.h; path = JSPongHostGameViewController.h; sourceTree = "<group>"; };
		1A7D6DD1199FA46B0031E425 /* JSPongHostGameViewController.m */ = {isa = PBXFileReference; fileEncoding = 4; lastKnownFileType = sourcecode.c.objc; path = JSPongHostGameViewController.m; sourceTree = "<group>"; };
		1A7D6DD3199FA4A70031E425 /* JSPongJoinGameViewController.h */ = {isa = PBXFileReference; fileEncoding = 4; lastKnownFileType = sourcecode.c.h; path = JSPongJoinGameViewController.h; sourceTree = "<group>"; };
		1A7D6DD4199FA4A70031E425 /* JSPongJoinGameViewController.m */ = {isa = PBXFileReference; fileEncoding = 4; lastKnownFileType = sourcecode.c.objc; path = JSPongJoinGameViewController.m; sourceTree = "<group>"; };
		1A7D6DD6199FB1330031E425 /* GameKit.framework */ = {isa = PBXFileReference; lastKnownFileType = wrapper.framework; name = GameKit.framework; path = System/Library/Frameworks/GameKit.framework; sourceTree = SDKROOT; };
		1A7D6DD8199FB22B0031E425 /* JSPongServer.h */ = {isa = PBXFileReference; fileEncoding = 4; lastKnownFileType = sourcecode.c.h; path = JSPongServer.h; sourceTree = "<group>"; };
		1A7D6DD9199FB22B0031E425 /* JSPongServer.m */ = {isa = PBXFileReference; fileEncoding = 4; lastKnownFileType = sourcecode.c.objc; path = JSPongServer.m; sourceTree = "<group>"; };
		1AC3670C199FB83A00F491F5 /* JSPongClient.h */ = {isa = PBXFileReference; fileEncoding = 4; lastKnownFileType = sourcecode.c.h; path = JSPongClient.h; sourceTree = "<group>"; };
		1AC3670D199FB83A00F491F5 /* JSPongClient.m */ = {isa = PBXFileReference; fileEncoding = 4; lastKnownFileType = sourcecode.c.objc; path = JSPongClient.m; sourceTree = "<group>"; };
		1AC36710199FFE8F00F491F5 /* JSPongGame.h */ = {isa = PBXFileReference; fileEncoding = 4; lastKnownFileType = sourcecode.c.h; path = JSPongGame.h; sourceTree = "<group>"; };
		1AC36711199FFE8F00F491F5 /* JSPongGame.m */ = {isa = PBXFileReference; fileEncoding = 4; lastKnownFileType = sourcecode.c.objc; path = JSPongGame.m; sourceTree = "<group>"; };
		1AC3671319A00AAE00F491F5 /* JSPongPlayer.h */ = {isa = PBXFileReference; fileEncoding = 4; lastKnownFileType = sourcecode.c.h; path = JSPongPlayer.h; sourceTree = "<group>"; };
		1AC3671419A00AAE00F491F5 /* JSPongPlayer.m */ = {isa = PBXFileReference; fileEncoding = 4; lastKnownFileType = sourcecode.c.objc; path = JSPongPlayer.m; sourceTree = "<group>"; };
		1AC3671619A00DDC00F491F5 /* JSPongPacket.h */ = {isa = PBXFileReference; fileEncoding = 4; lastKnownFileType = sourcecode.c.h; path = JSPongPacket.h; sourceTree = "<group>"; };
		1AC3671719A00DDC00F491F5 /* JSPongPacket.m */ = {isa = PBXFileReference; fileEncoding = 4; lastKnownFileType = sourcecode.c.objc; path = JSPongPacket.m; sourceTree = "<group>"; };
		1AC3671919A0124000F491F5 /* NSData+JSPongAdditions.h */ = {isa = PBXFileReference; fileEncoding = 4; lastKnownFileType = sourcecode.c.h; path = "NSData+JSPongAdditions.h"; sourceTree = "<group>"; };
		1AC3671A19A0124000F491F5 /* NSData+JSPongAdditions.m */ = {isa = PBXFileReference; fileEncoding = 4; lastKnownFileType = sourcecode.c.objc; path = "NSData+JSPongAdditions.m"; sourceTree = "<group>"; };
		1AC89CA619A01A0A0046F4CB /* JSPongPacketSignInResponse.h */ = {isa = PBXFileReference; fileEncoding = 4; lastKnownFileType = sourcecode.c.h; path = JSPongPacketSignInResponse.h; sourceTree = "<group>"; };
		1AC89CA719A01A0A0046F4CB /* JSPongPacketSignInResponse.m */ = {isa = PBXFileReference; fileEncoding = 4; lastKnownFileType = sourcecode.c.objc; path = JSPongPacketSignInResponse.m; sourceTree = "<group>"; };
		1AC89CA919A0A5440046F4CB /* JSPongPacketServerReady.h */ = {isa = PBXFileReference; fileEncoding = 4; lastKnownFileType = sourcecode.c.h; path = JSPongPacketServerReady.h; sourceTree = "<group>"; };
		1AC89CAA19A0A5440046F4CB /* JSPongPacketServerReady.m */ = {isa = PBXFileReference; fileEncoding = 4; lastKnownFileType = sourcecode.c.objc; path = JSPongPacketServerReady.m; sourceTree = "<group>"; };
		1AC89CAC19A0BC2E0046F4CB /* JSPongPlayGameViewController.h */ = {isa = PBXFileReference; fileEncoding = 4; lastKnownFileType = sourcecode.c.h; path = JSPongPlayGameViewController.h; sourceTree = "<group>"; };
		1AC89CAD19A0BC2E0046F4CB /* JSPongPlayGameViewController.m */ = {isa = PBXFileReference; fileEncoding = 4; lastKnownFileType = sourcecode.c.objc; path = JSPongPlayGameViewController.m; sourceTree = "<group>"; };
		1AC89CAF19A152E60046F4CB /* JSPongPacketOtherClientQuit.h */ = {isa = PBXFileReference; fileEncoding = 4; lastKnownFileType = sourcecode.c.h; path = JSPongPacketOtherClientQuit.h; sourceTree = "<group>"; };
		1AC89CB019A152E60046F4CB /* JSPongPacketOtherClientQuit.m */ = {isa = PBXFileReference; fileEncoding = 4; lastKnownFileType = sourcecode.c.objc; path = JSPongPacketOtherClientQuit.m; sourceTree = "<group>"; };
/* End PBXFileReference section */

/* Begin PBXFrameworksBuildPhase section */
		1A626AAE19913F8100CE50F1 /* Frameworks */ = {
			isa = PBXFrameworksBuildPhase;
			buildActionMask = 2147483647;
			files = (
				1A7D6DD7199FB1330031E425 /* GameKit.framework in Frameworks */,
				1A626AB719913F8100CE50F1 /* CoreGraphics.framework in Frameworks */,
				1A626AB919913F8100CE50F1 /* UIKit.framework in Frameworks */,
				1A626AB519913F8100CE50F1 /* Foundation.framework in Frameworks */,
			);
			runOnlyForDeploymentPostprocessing = 0;
		};
		1A626AC919913F8100CE50F1 /* Frameworks */ = {
			isa = PBXFrameworksBuildPhase;
			buildActionMask = 2147483647;
			files = (
				1A626ACE19913F8100CE50F1 /* XCTest.framework in Frameworks */,
				1A626AD019913F8100CE50F1 /* UIKit.framework in Frameworks */,
				1A626ACF19913F8100CE50F1 /* Foundation.framework in Frameworks */,
			);
			runOnlyForDeploymentPostprocessing = 0;
		};
/* End PBXFrameworksBuildPhase section */

/* Begin PBXGroup section */
		1A626AA819913F8100CE50F1 = {
			isa = PBXGroup;
			children = (
				1A626ABA19913F8100CE50F1 /* JS Pong */,
				1A626AD319913F8100CE50F1 /* JS PongTests */,
				1A626AB319913F8100CE50F1 /* Frameworks */,
				1A626AB219913F8100CE50F1 /* Products */,
			);
			sourceTree = "<group>";
		};
		1A626AB219913F8100CE50F1 /* Products */ = {
			isa = PBXGroup;
			children = (
				1A626AB119913F8100CE50F1 /* JS Pong.app */,
				1A626ACC19913F8100CE50F1 /* JS PongTests.xctest */,
			);
			name = Products;
			sourceTree = "<group>";
		};
		1A626AB319913F8100CE50F1 /* Frameworks */ = {
			isa = PBXGroup;
			children = (
				1A7D6DD6199FB1330031E425 /* GameKit.framework */,
				1A626AB419913F8100CE50F1 /* Foundation.framework */,
				1A626AB619913F8100CE50F1 /* CoreGraphics.framework */,
				1A626AB819913F8100CE50F1 /* UIKit.framework */,
				1A626ACD19913F8100CE50F1 /* XCTest.framework */,
			);
			name = Frameworks;
			sourceTree = "<group>";
		};
		1A626ABA19913F8100CE50F1 /* JS Pong */ = {
			isa = PBXGroup;
			children = (
				1AC3670F199FFE5700F491F5 /* Models */,
				1A626AF8199264D500CE50F1 /* Views */,
				1A626AEF1992525700CE50F1 /* View Controllers */,
				1A7D6DDB199FB2370031E425 /* Network */,
				1A626AC319913F8100CE50F1 /* JSPongAppDelegate.h */,
				1A626AC419913F8100CE50F1 /* JSPongAppDelegate.m */,
				1A626AC619913F8100CE50F1 /* Images.xcassets */,
				1A626AE7199141B300CE50F1 /* Resources */,
				1A626ABB19913F8100CE50F1 /* Supporting Files */,
				1AC3671919A0124000F491F5 /* NSData+JSPongAdditions.h */,
				1AC3671A19A0124000F491F5 /* NSData+JSPongAdditions.m */,
			);
			path = "JS Pong";
			sourceTree = "<group>";
		};
		1A626ABB19913F8100CE50F1 /* Supporting Files */ = {
			isa = PBXGroup;
			children = (
				1A626ABC19913F8100CE50F1 /* JS Pong-Info.plist */,
				1A626ABD19913F8100CE50F1 /* InfoPlist.strings */,
				1A626AC019913F8100CE50F1 /* main.m */,
				1A626AC219913F8100CE50F1 /* JS Pong-Prefix.pch */,
			);
			name = "Supporting Files";
			sourceTree = "<group>";
		};
		1A626AD319913F8100CE50F1 /* JS PongTests */ = {
			isa = PBXGroup;
			children = (
				1A626AD919913F8100CE50F1 /* JS_PongTests.m */,
				1A626AD419913F8100CE50F1 /* Supporting Files */,
			);
			path = "JS PongTests";
			sourceTree = "<group>";
		};
		1A626AD419913F8100CE50F1 /* Supporting Files */ = {
			isa = PBXGroup;
			children = (
				1A626AD519913F8100CE50F1 /* JS PongTests-Info.plist */,
				1A626AD619913F8100CE50F1 /* InfoPlist.strings */,
			);
			name = "Supporting Files";
			sourceTree = "<group>";
		};
		1A626AE7199141B300CE50F1 /* Resources */ = {
			isa = PBXGroup;
			children = (
				1A626AF419925E3400CE50F1 /* pics */,
				1A626AE8199141CA00CE50F1 /* storyboards */,
			);
			name = Resources;
			sourceTree = "<group>";
		};
		1A626AE8199141CA00CE50F1 /* storyboards */ = {
			isa = PBXGroup;
			children = (
				1A626AE5199141A700CE50F1 /* Main_iPad.storyboard */,
				1A626AE31991412B00CE50F1 /* Main_iPhone.storyboard */,
			);
			name = storyboards;
			sourceTree = "<group>";
		};
		1A626AEF1992525700CE50F1 /* View Controllers */ = {
			isa = PBXGroup;
			children = (
				1A626AEC1992460000CE50F1 /* JSPongMenuViewController.h */,
				1A626AED1992460000CE50F1 /* JSPongMenuViewController.m */,
				1A7D6DD0199FA46B0031E425 /* JSPongHostGameViewController.h */,
				1A7D6DD1199FA46B0031E425 /* JSPongHostGameViewController.m */,
				1A7D6DD3199FA4A70031E425 /* JSPongJoinGameViewController.h */,
				1A7D6DD4199FA4A70031E425 /* JSPongJoinGameViewController.m */,
				1AC89CAC19A0BC2E0046F4CB /* JSPongPlayGameViewController.h */,
				1AC89CAD19A0BC2E0046F4CB /* JSPongPlayGameViewController.m */,
			);
			name = "View Controllers";
			sourceTree = "<group>";
		};
		1A626AF419925E3400CE50F1 /* pics */ = {
			isa = PBXGroup;
			children = (
				1A626AF019925E3000CE50F1 /* bg.png */,
				1A626AF119925E3000CE50F1 /* pad.png */,
			);
			name = pics;
			sourceTree = "<group>";
		};
		1A626AF8199264D500CE50F1 /* Views */ = {
			isa = PBXGroup;
			children = (
				1A626AF5199264C700CE50F1 /* JSPongPuck.h */,
				1A626AF6199264C700CE50F1 /* JSPongPuck.m */,
			);
			name = Views;
			sourceTree = "<group>";
		};
		1A7D6DDB199FB2370031E425 /* Network */ = {
			isa = PBXGroup;
			children = (
				1AC3670C199FB83A00F491F5 /* JSPongClient.h */,
				1AC3670D199FB83A00F491F5 /* JSPongClient.m */,
				1A7D6DD8199FB22B0031E425 /* JSPongServer.h */,
				1A7D6DD9199FB22B0031E425 /* JSPongServer.m */,
				1AC3671619A00DDC00F491F5 /* JSPongPacket.h */,
				1AC3671719A00DDC00F491F5 /* JSPongPacket.m */,
				1AC89CA619A01A0A0046F4CB /* JSPongPacketSignInResponse.h */,
				1AC89CA719A01A0A0046F4CB /* JSPongPacketSignInResponse.m */,
				1AC89CA919A0A5440046F4CB /* JSPongPacketServerReady.h */,
				1AC89CAA19A0A5440046F4CB /* JSPongPacketServerReady.m */,
				1AC89CAF19A152E60046F4CB /* JSPongPacketOtherClientQuit.h */,
				1AC89CB019A152E60046F4CB /* JSPongPacketOtherClientQuit.m */,
			);
			name = Network;
			sourceTree = "<group>";
		};
		1AC3670F199FFE5700F491F5 /* Models */ = {
			isa = PBXGroup;
			children = (
				1AC36710199FFE8F00F491F5 /* JSPongGame.h */,
				1AC36711199FFE8F00F491F5 /* JSPongGame.m */,
				1AC3671319A00AAE00F491F5 /* JSPongPlayer.h */,
				1AC3671419A00AAE00F491F5 /* JSPongPlayer.m */,
			);
			name = Models;
			sourceTree = "<group>";
		};
/* End PBXGroup section */

/* Begin PBXNativeTarget section */
		1A626AB019913F8100CE50F1 /* JS Pong */ = {
			isa = PBXNativeTarget;
			buildConfigurationList = 1A626ADD19913F8100CE50F1 /* Build configuration list for PBXNativeTarget "JS Pong" */;
			buildPhases = (
				1A626AAD19913F8100CE50F1 /* Sources */,
				1A626AAE19913F8100CE50F1 /* Frameworks */,
				1A626AAF19913F8100CE50F1 /* Resources */,
			);
			buildRules = (
			);
			dependencies = (
			);
			name = "JS Pong";
			productName = "JS Pong";
			productReference = 1A626AB119913F8100CE50F1 /* JS Pong.app */;
			productType = "com.apple.product-type.application";
		};
		1A626ACB19913F8100CE50F1 /* JS PongTests */ = {
			isa = PBXNativeTarget;
			buildConfigurationList = 1A626AE019913F8100CE50F1 /* Build configuration list for PBXNativeTarget "JS PongTests" */;
			buildPhases = (
				1A626AC819913F8100CE50F1 /* Sources */,
				1A626AC919913F8100CE50F1 /* Frameworks */,
				1A626ACA19913F8100CE50F1 /* Resources */,
			);
			buildRules = (
			);
			dependencies = (
				1A626AD219913F8100CE50F1 /* PBXTargetDependency */,
			);
			name = "JS PongTests";
			productName = "JS PongTests";
			productReference = 1A626ACC19913F8100CE50F1 /* JS PongTests.xctest */;
			productType = "com.apple.product-type.bundle.unit-test";
		};
/* End PBXNativeTarget section */

/* Begin PBXProject section */
		1A626AA919913F8100CE50F1 /* Project object */ = {
			isa = PBXProject;
			attributes = {
				CLASSPREFIX = JSPong;
				LastUpgradeCheck = 0510;
				ORGANIZATIONNAME = "Johan Sundblad";
				TargetAttributes = {
					1A626ACB19913F8100CE50F1 = {
						TestTargetID = 1A626AB019913F8100CE50F1;
					};
				};
			};
			buildConfigurationList = 1A626AAC19913F8100CE50F1 /* Build configuration list for PBXProject "JS Pong" */;
			compatibilityVersion = "Xcode 3.2";
			developmentRegion = English;
			hasScannedForEncodings = 0;
			knownRegions = (
				en,
			);
			mainGroup = 1A626AA819913F8100CE50F1;
			productRefGroup = 1A626AB219913F8100CE50F1 /* Products */;
			projectDirPath = "";
			projectRoot = "";
			targets = (
				1A626AB019913F8100CE50F1 /* JS Pong */,
				1A626ACB19913F8100CE50F1 /* JS PongTests */,
			);
		};
/* End PBXProject section */

/* Begin PBXResourcesBuildPhase section */
		1A626AAF19913F8100CE50F1 /* Resources */ = {
			isa = PBXResourcesBuildPhase;
			buildActionMask = 2147483647;
			files = (
				1A626AF219925E3000CE50F1 /* bg.png in Resources */,
				1A626ABF19913F8100CE50F1 /* InfoPlist.strings in Resources */,
				1A626AE6199141A700CE50F1 /* Main_iPad.storyboard in Resources */,
				1A626AF319925E3000CE50F1 /* pad.png in Resources */,
				1A626AC719913F8100CE50F1 /* Images.xcassets in Resources */,
				1A626AE41991412B00CE50F1 /* Main_iPhone.storyboard in Resources */,
			);
			runOnlyForDeploymentPostprocessing = 0;
		};
		1A626ACA19913F8100CE50F1 /* Resources */ = {
			isa = PBXResourcesBuildPhase;
			buildActionMask = 2147483647;
			files = (
				1A626AD819913F8100CE50F1 /* InfoPlist.strings in Resources */,
			);
			runOnlyForDeploymentPostprocessing = 0;
		};
/* End PBXResourcesBuildPhase section */

/* Begin PBXSourcesBuildPhase section */
		1A626AAD19913F8100CE50F1 /* Sources */ = {
			isa = PBXSourcesBuildPhase;
			buildActionMask = 2147483647;
			files = (
				1A626AC119913F8100CE50F1 /* main.m in Sources */,
				1AC36712199FFE8F00F491F5 /* JSPongGame.m in Sources */,
				1A7D6DD5199FA4A70031E425 /* JSPongJoinGameViewController.m in Sources */,
				1A626AEE1992460000CE50F1 /* JSPongMenuViewController.m in Sources */,
				1A7D6DDA199FB22B0031E425 /* JSPongServer.m in Sources */,
				1AC89CB119A152E60046F4CB /* JSPongPacketOtherClientQuit.m in Sources */,
				1AC3671819A00DDC00F491F5 /* JSPongPacket.m in Sources */,
				1AC3671519A00AAE00F491F5 /* JSPongPlayer.m in Sources */,
				1A626AC519913F8100CE50F1 /* JSPongAppDelegate.m in Sources */,
				1AC89CAE19A0BC2E0046F4CB /* JSPongPlayGameViewController.m in Sources */,
				1AC3671B19A0124000F491F5 /* NSData+JSPongAdditions.m in Sources */,
				1A626AF7199264C700CE50F1 /* JSPongPuck.m in Sources */,
				1A7D6DD2199FA46B0031E425 /* JSPongHostGameViewController.m in Sources */,
				1AC3670E199FB83A00F491F5 /* JSPongClient.m in Sources */,
				1AC89CA819A01A0A0046F4CB /* JSPongPacketSignInResponse.m in Sources */,
				1AC89CAB19A0A5440046F4CB /* JSPongPacketServerReady.m in Sources */,
			);
			runOnlyForDeploymentPostprocessing = 0;
		};
		1A626AC819913F8100CE50F1 /* Sources */ = {
			isa = PBXSourcesBuildPhase;
			buildActionMask = 2147483647;
			files = (
				1A626ADA19913F8100CE50F1 /* JS_PongTests.m in Sources */,
			);
			runOnlyForDeploymentPostprocessing = 0;
		};
/* End PBXSourcesBuildPhase section */

/* Begin PBXTargetDependency section */
		1A626AD219913F8100CE50F1 /* PBXTargetDependency */ = {
			isa = PBXTargetDependency;
			target = 1A626AB019913F8100CE50F1 /* JS Pong */;
			targetProxy = 1A626AD119913F8100CE50F1 /* PBXContainerItemProxy */;
		};
/* End PBXTargetDependency section */

/* Begin PBXVariantGroup section */
		1A626ABD19913F8100CE50F1 /* InfoPlist.strings */ = {
			isa = PBXVariantGroup;
			children = (
				1A626ABE19913F8100CE50F1 /* en */,
			);
			name = InfoPlist.strings;
			sourceTree = "<group>";
		};
		1A626AD619913F8100CE50F1 /* InfoPlist.strings */ = {
			isa = PBXVariantGroup;
			children = (
				1A626AD719913F8100CE50F1 /* en */,
			);
			name = InfoPlist.strings;
			sourceTree = "<group>";
		};
/* End PBXVariantGroup section */

/* Begin XCBuildConfiguration section */
		1A626ADB19913F8100CE50F1 /* Debug */ = {
			isa = XCBuildConfiguration;
			buildSettings = {
				ALWAYS_SEARCH_USER_PATHS = NO;
				CLANG_CXX_LANGUAGE_STANDARD = "gnu++0x";
				CLANG_CXX_LIBRARY = "libc++";
				CLANG_ENABLE_MODULES = YES;
				CLANG_ENABLE_OBJC_ARC = YES;
				CLANG_WARN_BOOL_CONVERSION = YES;
				CLANG_WARN_CONSTANT_CONVERSION = YES;
				CLANG_WARN_DIRECT_OBJC_ISA_USAGE = YES_ERROR;
				CLANG_WARN_EMPTY_BODY = YES;
				CLANG_WARN_ENUM_CONVERSION = YES;
				CLANG_WARN_INT_CONVERSION = YES;
				CLANG_WARN_OBJC_ROOT_CLASS = YES_ERROR;
				CLANG_WARN__DUPLICATE_METHOD_MATCH = YES;
				"CODE_SIGN_IDENTITY[sdk=iphoneos*]" = "iPhone Developer";
				COPY_PHASE_STRIP = NO;
				GCC_C_LANGUAGE_STANDARD = gnu99;
				GCC_DYNAMIC_NO_PIC = NO;
				GCC_OPTIMIZATION_LEVEL = 0;
				GCC_PREPROCESSOR_DEFINITIONS = (
					"DEBUG=1",
					"$(inherited)",
				);
				GCC_SYMBOLS_PRIVATE_EXTERN = NO;
				GCC_WARN_64_TO_32_BIT_CONVERSION = YES;
				GCC_WARN_ABOUT_RETURN_TYPE = YES_ERROR;
				GCC_WARN_UNDECLARED_SELECTOR = YES;
				GCC_WARN_UNINITIALIZED_AUTOS = YES_AGGRESSIVE;
				GCC_WARN_UNUSED_FUNCTION = YES;
				GCC_WARN_UNUSED_VARIABLE = YES;
				IPHONEOS_DEPLOYMENT_TARGET = 5.0;
				ONLY_ACTIVE_ARCH = YES;
				SDKROOT = iphoneos;
				TARGETED_DEVICE_FAMILY = "1,2";
			};
			name = Debug;
		};
		1A626ADC19913F8100CE50F1 /* Release */ = {
			isa = XCBuildConfiguration;
			buildSettings = {
				ALWAYS_SEARCH_USER_PATHS = NO;
				CLANG_CXX_LANGUAGE_STANDARD = "gnu++0x";
				CLANG_CXX_LIBRARY = "libc++";
				CLANG_ENABLE_MODULES = YES;
				CLANG_ENABLE_OBJC_ARC = YES;
				CLANG_WARN_BOOL_CONVERSION = YES;
				CLANG_WARN_CONSTANT_CONVERSION = YES;
				CLANG_WARN_DIRECT_OBJC_ISA_USAGE = YES_ERROR;
				CLANG_WARN_EMPTY_BODY = YES;
				CLANG_WARN_ENUM_CONVERSION = YES;
				CLANG_WARN_INT_CONVERSION = YES;
				CLANG_WARN_OBJC_ROOT_CLASS = YES_ERROR;
				CLANG_WARN__DUPLICATE_METHOD_MATCH = YES;
				"CODE_SIGN_IDENTITY[sdk=iphoneos*]" = "iPhone Developer";
				COPY_PHASE_STRIP = YES;
				ENABLE_NS_ASSERTIONS = NO;
				GCC_C_LANGUAGE_STANDARD = gnu99;
				GCC_WARN_64_TO_32_BIT_CONVERSION = YES;
				GCC_WARN_ABOUT_RETURN_TYPE = YES_ERROR;
				GCC_WARN_UNDECLARED_SELECTOR = YES;
				GCC_WARN_UNINITIALIZED_AUTOS = YES_AGGRESSIVE;
				GCC_WARN_UNUSED_FUNCTION = YES;
				GCC_WARN_UNUSED_VARIABLE = YES;
				IPHONEOS_DEPLOYMENT_TARGET = 5.0;
				SDKROOT = iphoneos;
				TARGETED_DEVICE_FAMILY = "1,2";
				VALIDATE_PRODUCT = YES;
			};
			name = Release;
		};
		1A626ADE19913F8100CE50F1 /* Debug */ = {
			isa = XCBuildConfiguration;
			buildSettings = {
				ASSETCATALOG_COMPILER_APPICON_NAME = AppIcon;
				ASSETCATALOG_COMPILER_LAUNCHIMAGE_NAME = LaunchImage;
				GCC_PRECOMPILE_PREFIX_HEADER = YES;
				GCC_PREFIX_HEADER = "JS Pong/JS Pong-Prefix.pch";
				INFOPLIST_FILE = "JS Pong/JS Pong-Info.plist";
				IPHONEOS_DEPLOYMENT_TARGET = 6.0;
				PRODUCT_NAME = "$(TARGET_NAME)";
				WRAPPER_EXTENSION = app;
			};
			name = Debug;
		};
		1A626ADF19913F8100CE50F1 /* Release */ = {
			isa = XCBuildConfiguration;
			buildSettings = {
				ASSETCATALOG_COMPILER_APPICON_NAME = AppIcon;
				ASSETCATALOG_COMPILER_LAUNCHIMAGE_NAME = LaunchImage;
				GCC_PRECOMPILE_PREFIX_HEADER = YES;
				GCC_PREFIX_HEADER = "JS Pong/JS Pong-Prefix.pch";
				INFOPLIST_FILE = "JS Pong/JS Pong-Info.plist";
				IPHONEOS_DEPLOYMENT_TARGET = 6.0;
				PRODUCT_NAME = "$(TARGET_NAME)";
				WRAPPER_EXTENSION = app;
			};
			name = Release;
		};
		1A626AE119913F8100CE50F1 /* Debug */ = {
			isa = XCBuildConfiguration;
			buildSettings = {
				BUNDLE_LOADER = "$(BUILT_PRODUCTS_DIR)/JS Pong.app/JS Pong";
				FRAMEWORK_SEARCH_PATHS = (
					"$(SDKROOT)/Developer/Library/Frameworks",
					"$(inherited)",
					"$(DEVELOPER_FRAMEWORKS_DIR)",
				);
				GCC_PRECOMPILE_PREFIX_HEADER = YES;
				GCC_PREFIX_HEADER = "JS Pong/JS Pong-Prefix.pch";
				GCC_PREPROCESSOR_DEFINITIONS = (
					"DEBUG=1",
					"$(inherited)",
				);
				INFOPLIST_FILE = "JS PongTests/JS PongTests-Info.plist";
				PRODUCT_NAME = "$(TARGET_NAME)";
				TEST_HOST = "$(BUNDLE_LOADER)";
				WRAPPER_EXTENSION = xctest;
			};
			name = Debug;
		};
		1A626AE219913F8100CE50F1 /* Release */ = {
			isa = XCBuildConfiguration;
			buildSettings = {
				BUNDLE_LOADER = "$(BUILT_PRODUCTS_DIR)/JS Pong.app/JS Pong";
				FRAMEWORK_SEARCH_PATHS = (
					"$(SDKROOT)/Developer/Library/Frameworks",
					"$(inherited)",
					"$(DEVELOPER_FRAMEWORKS_DIR)",
				);
				GCC_PRECOMPILE_PREFIX_HEADER = YES;
				GCC_PREFIX_HEADER = "JS Pong/JS Pong-Prefix.pch";
				INFOPLIST_FILE = "JS PongTests/JS PongTests-Info.plist";
				PRODUCT_NAME = "$(TARGET_NAME)";
				TEST_HOST = "$(BUNDLE_LOADER)";
				WRAPPER_EXTENSION = xctest;
			};
			name = Release;
		};
/* End XCBuildConfiguration section */

/* Begin XCConfigurationList section */
		1A626AAC19913F8100CE50F1 /* Build configuration list for PBXProject "JS Pong" */ = {
			isa = XCConfigurationList;
			buildConfigurations = (
				1A626ADB19913F8100CE50F1 /* Debug */,
				1A626ADC19913F8100CE50F1 /* Release */,
			);
			defaultConfigurationIsVisible = 0;
			defaultConfigurationName = Release;
		};
		1A626ADD19913F8100CE50F1 /* Build configuration list for PBXNativeTarget "JS Pong" */ = {
			isa = XCConfigurationList;
			buildConfigurations = (
				1A626ADE19913F8100CE50F1 /* Debug */,
				1A626ADF19913F8100CE50F1 /* Release */,
			);
			defaultConfigurationIsVisible = 0;
			defaultConfigurationName = Release;
		};
		1A626AE019913F8100CE50F1 /* Build configuration list for PBXNativeTarget "JS PongTests" */ = {
			isa = XCConfigurationList;
			buildConfigurations = (
				1A626AE119913F8100CE50F1 /* Debug */,
				1A626AE219913F8100CE50F1 /* Release */,
			);
			defaultConfigurationIsVisible = 0;
			defaultConfigurationName = Release;
		};
/* End XCConfigurationList section */
	};
	rootObject = 1A626AA919913F8100CE50F1 /* Project object */;
}
